
Microsoft Visual Studio Solution File, Format Version 12.00
# Visual Studio Version 17
VisualStudioVersion = 17.10.35013.160
MinimumVisualStudioVersion = 10.0.40219.1
Project("{FAE04EC0-301F-11D3-BF4B-00C04F79EFBC}") = "EFCore.Data", "EFCore.Data\EFCore.Data.csproj", "{429445A7-D108-429C-9E4B-1C3CFA8EF5A6}"
EndProject
Project("{FAE04EC0-301F-11D3-BF4B-00C04F79EFBC}") = "EFCore.Domain", "EFCore.Domain\EFCore.Domain.csproj", "{65D2E4AF-1EF7-4054-B183-4E35AFCD1A23}"
EndProject
Project("{FAE04EC0-301F-11D3-BF4B-00C04F79EFBC}") = "EFCore.Console", "EFCore.Console\EFCore.Console.csproj", "{75797B87-6C6B-4330-A4E8-80A589915F7C}"
EndProject
Global
	GlobalSection(SolutionConfigurationPlatforms) = preSolution
		Debug|Any CPU = Debug|Any CPU
		Release|Any CPU = Release|Any CPU
	EndGlobalSection
	GlobalSection(ProjectConfigurationPlatforms) = postSolution
		{429445A7-D108-429C-9E4B-1C3CFA8EF5A6}.Debug|Any CPU.ActiveCfg = Debug|Any CPU
		{429445A7-D108-429C-9E4B-1C3CFA8EF5A6}.Debug|Any CPU.Build.0 = Debug|Any CPU
		{429445A7-D108-429C-9E4B-1C3CFA8EF5A6}.Release|Any CPU.ActiveCfg = Release|Any CPU
		{429445A7-D108-429C-9E4B-1C3CFA8EF5A6}.Release|Any CPU.Build.0 = Release|Any CPU
		{65D2E4AF-1EF7-4054-B183-4E35AFCD1A23}.Debug|Any CPU.ActiveCfg = Debug|Any CPU
		{65D2E4AF-1EF7-4054-B183-4E35AFCD1A23}.Debug|Any CPU.Build.0 = Debug|Any CPU
		{65D2E4AF-1EF7-4054-B183-4E35AFCD1A23}.Release|Any CPU.ActiveCfg = Release|Any CPU
		{65D2E4AF-1EF7-4054-B183-4E35AFCD1A23}.Release|Any CPU.Build.0 = Release|Any CPU
		{75797B87-6C6B-4330-A4E8-80A589915F7C}.Debug|Any CPU.ActiveCfg = Debug|Any CPU
		{75797B87-6C6B-4330-A4E8-80A589915F7C}.Debug|Any CPU.Build.0 = Debug|Any CPU
		{75797B87-6C6B-4330-A4E8-80A589915F7C}.Release|Any CPU.ActiveCfg = Release|Any CPU
		{75797B87-6C6B-4330-A4E8-80A589915F7C}.Release|Any CPU.Build.0 = Release|Any CPU
	EndGlobalSection
	GlobalSection(SolutionProperties) = preSolution
		HideSolutionNode = FALSE
	EndGlobalSection
	GlobalSection(ExtensibilityGlobals) = postSolution
		SolutionGuid = {F77EDB31-8B76-4160-ADDB-9249541E3F2B}
	EndGlobalSection
EndGlobal
